
Microsoft Visual Studio Solution File, Format Version 11.00
# Visual Studio 2010
Project("{FAE04EC0-301F-11D3-BF4B-00C04F79EFBC}") = "Nil", "Nil\Nil.csproj", "{1334470A-3E7B-4A4F-A86A-7D6E908B89A7}"
EndProject
Global
	GlobalSection(SolutionConfigurationPlatforms) = preSolution
		Debug|Any CPU = Debug|Any CPU
		Release|Any CPU = Release|Any CPU
	EndGlobalSection
	GlobalSection(ProjectConfigurationPlatforms) = postSolution
		{1334470A-3E7B-4A4F-A86A-7D6E908B89A7}.Debug|Any CPU.ActiveCfg = Debug|Any CPU
		{1334470A-3E7B-4A4F-A86A-7D6E908B89A7}.Debug|Any CPU.Build.0 = Debug|Any CPU
		{1334470A-3E7B-4A4F-A86A-7D6E908B89A7}.Release|Any CPU.ActiveCfg = Release|Any CPU
		{1334470A-3E7B-4A4F-A86A-7D6E908B89A7}.Release|Any CPU.Build.0 = Release|Any CPU
	EndGlobalSection
	GlobalSection(SolutionProperties) = preSolution
		HideSolutionNode = FALSE
	EndGlobalSection
EndGlobal
